
Microsoft Visual Studio Solution File, Format Version 12.00
# Visual Studio Version 17
VisualStudioVersion = 17.8.34309.116
MinimumVisualStudioVersion = 10.0.40219.1
Project("{2150E333-8FDC-42A3-9474-1A3956D46DE8}") = "Src", "Src", "{01F57307-76CF-49D6-AE60-558C64F3ED9A}"
EndProject
Project("{2150E333-8FDC-42A3-9474-1A3956D46DE8}") = "Tests", "Tests", "{AB9EC120-4303-42B9-B40D-237B96589935}"
EndProject
Project("{2150E333-8FDC-42A3-9474-1A3956D46DE8}") = "Doc", "Doc", "{243BEC48-B7D5-4A66-A5D2-E59024513232}"
EndProject
Project("{2150E333-8FDC-42A3-9474-1A3956D46DE8}") = "Solution Items", "Solution Items", "{232E14F4-8533-4D68-A7D8-C7555B357EE6}"
EndProject
Project("{2150E333-8FDC-42A3-9474-1A3956D46DE8}") = "Core", "Core", "{30767F6F-C70D-46C5-8A42-8EE5B6C757DC}"
EndProject
Project("{9A19103F-16F7-4668-BE54-9A1E7A4F7556}") = "Domain", "Domain\Domain.csproj", "{B9FFBA39-8A0D-4AE0-AA51-4539C961DEEF}"
EndProject
Project("{9A19103F-16F7-4668-BE54-9A1E7A4F7556}") = "Application", "Application\Application.csproj", "{4A09EA1F-E75C-427F-AE5A-A4F0E2D0DFDB}"
EndProject
Project("{2150E333-8FDC-42A3-9474-1A3956D46DE8}") = "Presentation", "Presentation", "{ABA2CB1E-C734-49AF-B048-15094979725E}"
EndProject
Project("{2150E333-8FDC-42A3-9474-1A3956D46DE8}") = "Infrastructures", "Infrastructures", "{D855D7CA-9B1F-4D24-88E7-498AD6F73335}"
EndProject
Project("{9A19103F-16F7-4668-BE54-9A1E7A4F7556}") = "Persistence", "Persistence\Persistence.csproj", "{5F715A92-0FA4-43C9-87C4-7B5805248F93}"
EndProject
Project("{9A19103F-16F7-4668-BE54-9A1E7A4F7556}") = "Infrastructure", "Infrastructure\Infrastructure.csproj", "{A636FB1E-9A4A-4F86-B608-A38A251ED3EE}"
EndProject
Project("{9A19103F-16F7-4668-BE54-9A1E7A4F7556}") = "WebSite.EndPoint", "WebSite.EndPoint\WebSite.EndPoint.csproj", "{CBF04E7F-7F95-42A7-88AB-2F2D8F195230}"
EndProject
Project("{9A19103F-16F7-4668-BE54-9A1E7A4F7556}") = "Admin.EndPoint", "Admin.EndPoint\Admin.EndPoint.csproj", "{34912659-56F6-4AE5-9697-AD0DB740F7B3}"
EndProject
Project("{2150E333-8FDC-42A3-9474-1A3956D46DE8}") = "Commons", "Commons", "{A2A71BEB-30F4-4731-AED2-4EBE13CEB030}"
EndProject
Project("{9A19103F-16F7-4668-BE54-9A1E7A4F7556}") = "Common", "Common\Common.csproj", "{89F529D0-0716-486B-87B5-F12964200F22}"
EndProject
Project("{FAE04EC0-301F-11D3-BF4B-00C04F79EFBC}") = "StaticFile.EndPoint", "StaticFile.EndPoint\StaticFile.EndPoint.csproj", "{E0FF0DC5-71B2-4D4A-9BC0-B2BEE0924B53}"
EndProject
Global
	GlobalSection(SolutionConfigurationPlatforms) = preSolution
		Debug|Any CPU = Debug|Any CPU
		Release|Any CPU = Release|Any CPU
	EndGlobalSection
	GlobalSection(ProjectConfigurationPlatforms) = postSolution
		{B9FFBA39-8A0D-4AE0-AA51-4539C961DEEF}.Debug|Any CPU.ActiveCfg = Debug|Any CPU
		{B9FFBA39-8A0D-4AE0-AA51-4539C961DEEF}.Debug|Any CPU.Build.0 = Debug|Any CPU
		{B9FFBA39-8A0D-4AE0-AA51-4539C961DEEF}.Release|Any CPU.ActiveCfg = Release|Any CPU
		{B9FFBA39-8A0D-4AE0-AA51-4539C961DEEF}.Release|Any CPU.Build.0 = Release|Any CPU
		{4A09EA1F-E75C-427F-AE5A-A4F0E2D0DFDB}.Debug|Any CPU.ActiveCfg = Debug|Any CPU
		{4A09EA1F-E75C-427F-AE5A-A4F0E2D0DFDB}.Debug|Any CPU.Build.0 = Debug|Any CPU
		{4A09EA1F-E75C-427F-AE5A-A4F0E2D0DFDB}.Release|Any CPU.ActiveCfg = Release|Any CPU
		{4A09EA1F-E75C-427F-AE5A-A4F0E2D0DFDB}.Release|Any CPU.Build.0 = Release|Any CPU
		{5F715A92-0FA4-43C9-87C4-7B5805248F93}.Debug|Any CPU.ActiveCfg = Debug|Any CPU
		{5F715A92-0FA4-43C9-87C4-7B5805248F93}.Debug|Any CPU.Build.0 = Debug|Any CPU
		{5F715A92-0FA4-43C9-87C4-7B5805248F93}.Release|Any CPU.ActiveCfg = Release|Any CPU
		{5F715A92-0FA4-43C9-87C4-7B5805248F93}.Release|Any CPU.Build.0 = Release|Any CPU
		{A636FB1E-9A4A-4F86-B608-A38A251ED3EE}.Debug|Any CPU.ActiveCfg = Debug|Any CPU
		{A636FB1E-9A4A-4F86-B608-A38A251ED3EE}.Debug|Any CPU.Build.0 = Debug|Any CPU
		{A636FB1E-9A4A-4F86-B608-A38A251ED3EE}.Release|Any CPU.ActiveCfg = Release|Any CPU
		{A636FB1E-9A4A-4F86-B608-A38A251ED3EE}.Release|Any CPU.Build.0 = Release|Any CPU
		{CBF04E7F-7F95-42A7-88AB-2F2D8F195230}.Debug|Any CPU.ActiveCfg = Debug|Any CPU
		{CBF04E7F-7F95-42A7-88AB-2F2D8F195230}.Debug|Any CPU.Build.0 = Debug|Any CPU
		{CBF04E7F-7F95-42A7-88AB-2F2D8F195230}.Release|Any CPU.ActiveCfg = Release|Any CPU
		{CBF04E7F-7F95-42A7-88AB-2F2D8F195230}.Release|Any CPU.Build.0 = Release|Any CPU
		{34912659-56F6-4AE5-9697-AD0DB740F7B3}.Debug|Any CPU.ActiveCfg = Debug|Any CPU
		{34912659-56F6-4AE5-9697-AD0DB740F7B3}.Debug|Any CPU.Build.0 = Debug|Any CPU
		{34912659-56F6-4AE5-9697-AD0DB740F7B3}.Release|Any CPU.ActiveCfg = Release|Any CPU
		{34912659-56F6-4AE5-9697-AD0DB740F7B3}.Release|Any CPU.Build.0 = Release|Any CPU
		{89F529D0-0716-486B-87B5-F12964200F22}.Debug|Any CPU.ActiveCfg = Debug|Any CPU
		{89F529D0-0716-486B-87B5-F12964200F22}.Debug|Any CPU.Build.0 = Debug|Any CPU
		{89F529D0-0716-486B-87B5-F12964200F22}.Release|Any CPU.ActiveCfg = Release|Any CPU
		{89F529D0-0716-486B-87B5-F12964200F22}.Release|Any CPU.Build.0 = Release|Any CPU
		{E0FF0DC5-71B2-4D4A-9BC0-B2BEE0924B53}.Debug|Any CPU.ActiveCfg = Debug|Any CPU
		{E0FF0DC5-71B2-4D4A-9BC0-B2BEE0924B53}.Debug|Any CPU.Build.0 = Debug|Any CPU
		{E0FF0DC5-71B2-4D4A-9BC0-B2BEE0924B53}.Release|Any CPU.ActiveCfg = Release|Any CPU
		{E0FF0DC5-71B2-4D4A-9BC0-B2BEE0924B53}.Release|Any CPU.Build.0 = Release|Any CPU
	EndGlobalSection
	GlobalSection(SolutionProperties) = preSolution
		HideSolutionNode = FALSE
	EndGlobalSection
	GlobalSection(NestedProjects) = preSolution
		{30767F6F-C70D-46C5-8A42-8EE5B6C757DC} = {01F57307-76CF-49D6-AE60-558C64F3ED9A}
		{B9FFBA39-8A0D-4AE0-AA51-4539C961DEEF} = {30767F6F-C70D-46C5-8A42-8EE5B6C757DC}
		{4A09EA1F-E75C-427F-AE5A-A4F0E2D0DFDB} = {30767F6F-C70D-46C5-8A42-8EE5B6C757DC}
		{ABA2CB1E-C734-49AF-B048-15094979725E} = {01F57307-76CF-49D6-AE60-558C64F3ED9A}
		{D855D7CA-9B1F-4D24-88E7-498AD6F73335} = {01F57307-76CF-49D6-AE60-558C64F3ED9A}
		{5F715A92-0FA4-43C9-87C4-7B5805248F93} = {D855D7CA-9B1F-4D24-88E7-498AD6F73335}
		{A636FB1E-9A4A-4F86-B608-A38A251ED3EE} = {D855D7CA-9B1F-4D24-88E7-498AD6F73335}
		{CBF04E7F-7F95-42A7-88AB-2F2D8F195230} = {ABA2CB1E-C734-49AF-B048-15094979725E}
		{34912659-56F6-4AE5-9697-AD0DB740F7B3} = {ABA2CB1E-C734-49AF-B048-15094979725E}
		{A2A71BEB-30F4-4731-AED2-4EBE13CEB030} = {01F57307-76CF-49D6-AE60-558C64F3ED9A}
		{89F529D0-0716-486B-87B5-F12964200F22} = {A2A71BEB-30F4-4731-AED2-4EBE13CEB030}
		{E0FF0DC5-71B2-4D4A-9BC0-B2BEE0924B53} = {ABA2CB1E-C734-49AF-B048-15094979725E}
	EndGlobalSection
	GlobalSection(ExtensibilityGlobals) = postSolution
		SolutionGuid = {4DDCF2EF-9637-4E21-AA41-71803CEFE243}
	EndGlobalSection
EndGlobal
